<?xml version="1.0" encoding="utf-8"?>
<Project ToolsVersion="4.0" xmlns="http://schemas.microsoft.com/developer/msbuild/2003">
  <ItemGroup>
    <Filter Include="src">
      <UniqueIdentifier>{d8376475-7454-4a24-b08a-aac121d3ad6f}</UniqueIdentifier>
    </Filter>
    <Filter Include="src\screens">
      <UniqueIdentifier>{8dd12988-4a9f-4e24-a26e-61a4e4b9cf04}</UniqueIdentifier>
    </Filter>
    <Filter Include="src\arduino">
      <UniqueIdentifier>{e010228a-8c8a-4f89-bd26-6ad88e1a8591}</UniqueIdentifier>
    </Filter>
    <Filter Include="src\events">
      <UniqueIdentifier>{db553f12-94f9-4965-9b2d-345a15fa45fc}</UniqueIdentifier>
    </Filter>
  </ItemGroup>
  <ItemGroup>
    <ResourceCompile Include="icon.rc" />
  </ItemGroup>
  <ItemGroup>
    <ClCompile Include="src\main.cpp">
      <Filter>src</Filter>
    </ClCompile>
    <ClCompile Include="src\VideoTriptych.cpp">
      <Filter>src</Filter>
    </ClCompile>
    <ClCompile Include="src\arduino\PressureMonitor.cpp">
      <Filter>src\arduino</Filter>
    </ClCompile>
    <ClCompile Include="src\events\AppEvent.cpp">
      <Filter>src\events</Filter>
    </ClCompile>
    <ClCompile Include="src\screens\Camera.cpp">
      <Filter>src\screens</Filter>
    </ClCompile>
    <ClCompile Include="src\screens\Screen.cpp">
      <Filter>src\screens</Filter>
    </ClCompile>
  </ItemGroup>
  <ItemGroup>
    <ClInclude Include="src\VideoTriptych.h">
      <Filter>src</Filter>
    </ClInclude>
    <ClInclude Include="src\arduino\PressureMonitor.h">
      <Filter>src\arduino</Filter>
    </ClInclude>
    <ClInclude Include="src\events\AppEvent.h">
      <Filter>src\events</Filter>
    </ClInclude>
    <ClInclude Include="src\screens\Camera.h">
      <Filter>src\screens</Filter>
    </ClInclude>
    <ClInclude Include="src\screens\Screen.h">
      <Filter>src\screens</Filter>
    </ClInclude>
  </ItemGroup>
</Project>